// !$*UTF8*$!
{
	archiveVersion = 1;
	classes = {
	};
	objectVersion = 46;
	objects = {

/* Begin PBXBuildFile section */
		3DA322BC1D9C621200826333 /* DrawView.swift in Sources */ = {isa = PBXBuildFile; fileRef = 3DA322BB1D9C621200826333 /* DrawView.swift */; };
		3DA322BE1D9C75DB00826333 /* Line.swift in Sources */ = {isa = PBXBuildFile; fileRef = 3DA322BD1D9C75DB00826333 /* Line.swift */; };
		3DE9DF511D9AE3FA00C8E70A /* AppDelegate.swift in Sources */ = {isa = PBXBuildFile; fileRef = 3DE9DF501D9AE3FA00C8E70A /* AppDelegate.swift */; };
		3DE9DF531D9AE3FA00C8E70A /* ViewController.swift in Sources */ = {isa = PBXBuildFile; fileRef = 3DE9DF521D9AE3FA00C8E70A /* ViewController.swift */; };
		3DE9DF561D9AE3FA00C8E70A /* Main.storyboard in Resources */ = {isa = PBXBuildFile; fileRef = 3DE9DF541D9AE3FA00C8E70A /* Main.storyboard */; };
		3DE9DF581D9AE3FA00C8E70A /* Assets.xcassets in Resources */ = {isa = PBXBuildFile; fileRef = 3DE9DF571D9AE3FA00C8E70A /* Assets.xcassets */; };
		3DE9DF5B1D9AE3FA00C8E70A /* LaunchScreen.storyboard in Resources */ = {isa = PBXBuildFile; fileRef = 3DE9DF591D9AE3FA00C8E70A /* LaunchScreen.storyboard */; };
		3DE9DF661D9AE3FB00C8E70A /* Lab3Tests.swift in Sources */ = {isa = PBXBuildFile; fileRef = 3DE9DF651D9AE3FB00C8E70A /* Lab3Tests.swift */; };
		3DE9DF711D9AE3FB00C8E70A /* Lab3UITests.swift in Sources */ = {isa = PBXBuildFile; fileRef = 3DE9DF701D9AE3FB00C8E70A /* Lab3UITests.swift */; };
/* End PBXBuildFile section */

/* Begin PBXContainerItemProxy section */
		3DE9DF621D9AE3FB00C8E70A /* PBXContainerItemProxy */ = {
			isa = PBXContainerItemProxy;
			containerPortal = 3DE9DF451D9AE3FA00C8E70A /* Project object */;
			proxyType = 1;
			remoteGlobalIDString = 3DE9DF4C1D9AE3FA00C8E70A;
			remoteInfo = Lab3;
		};
		3DE9DF6D1D9AE3FB00C8E70A /* PBXContainerItemProxy */ = {
			isa = PBXContainerItemProxy;
			containerPortal = 3DE9DF451D9AE3FA00C8E70A /* Project object */;
			proxyType = 1;
			remoteGlobalIDString = 3DE9DF4C1D9AE3FA00C8E70A;
			remoteInfo = Lab3;
		};
/* End PBXContainerItemProxy section */

/* Begin PBXFileReference section */
		3DA322BB1D9C621200826333 /* DrawView.swift */ = {isa = PBXFileReference; fileEncoding = 4; lastKnownFileType = sourcecode.swift; path = DrawView.swift; sourceTree = "<group>"; };
		3DA322BD1D9C75DB00826333 /* Line.swift */ = {isa = PBXFileReference; fileEncoding = 4; lastKnownFileType = sourcecode.swift; path = Line.swift; sourceTree = "<group>"; };
		3DE9DF4D1D9AE3FA00C8E70A /* Drawing.app */ = {isa = PBXFileReference; explicitFileType = wrapper.application; includeInIndex = 0; path = Drawing.app; sourceTree = BUILT_PRODUCTS_DIR; };
		3DE9DF501D9AE3FA00C8E70A /* AppDelegate.swift */ = {isa = PBXFileReference; lastKnownFileType = sourcecode.swift; path = AppDelegate.swift; sourceTree = "<group>"; };
		3DE9DF521D9AE3FA00C8E70A /* ViewController.swift */ = {isa = PBXFileReference; lastKnownFileType = sourcecode.swift; path = ViewController.swift; sourceTree = "<group>"; };
		3DE9DF551D9AE3FA00C8E70A /* Base */ = {isa = PBXFileReference; lastKnownFileType = file.storyboard; name = Base; path = Base.lproj/Main.storyboard; sourceTree = "<group>"; };
		3DE9DF571D9AE3FA00C8E70A /* Assets.xcassets */ = {isa = PBXFileReference; lastKnownFileType = folder.assetcatalog; path = Assets.xcassets; sourceTree = "<group>"; };
		3DE9DF5A1D9AE3FA00C8E70A /* Base */ = {isa = PBXFileReference; lastKnownFileType = file.storyboard; name = Base; path = Base.lproj/LaunchScreen.storyboard; sourceTree = "<group>"; };
		3DE9DF5C1D9AE3FA00C8E70A /* Info.plist */ = {isa = PBXFileReference; lastKnownFileType = text.plist.xml; path = Info.plist; sourceTree = "<group>"; };
		3DE9DF611D9AE3FB00C8E70A /* DrawingTests.xctest */ = {isa = PBXFileReference; explicitFileType = wrapper.cfbundle; includeInIndex = 0; path = DrawingTests.xctest; sourceTree = BUILT_PRODUCTS_DIR; };
		3DE9DF651D9AE3FB00C8E70A /* Lab3Tests.swift */ = {isa = PBXFileReference; lastKnownFileType = sourcecode.swift; path = Lab3Tests.swift; sourceTree = "<group>"; };
		3DE9DF671D9AE3FB00C8E70A /* Info.plist */ = {isa = PBXFileReference; lastKnownFileType = text.plist.xml; path = Info.plist; sourceTree = "<group>"; };
		3DE9DF6C1D9AE3FB00C8E70A /* DrawingUITests.xctest */ = {isa = PBXFileReference; explicitFileType = wrapper.cfbundle; includeInIndex = 0; path = DrawingUITests.xctest; sourceTree = BUILT_PRODUCTS_DIR; };
		3DE9DF701D9AE3FB00C8E70A /* Lab3UITests.swift */ = {isa = PBXFileReference; lastKnownFileType = sourcecode.swift; path = Lab3UITests.swift; sourceTree = "<group>"; };
		3DE9DF721D9AE3FB00C8E70A /* Info.plist */ = {isa = PBXFileReference; lastKnownFileType = text.plist.xml; path = Info.plist; sourceTree = "<group>"; };
/* End PBXFileReference section */

/* Begin PBXFrameworksBuildPhase section */
		3DE9DF4A1D9AE3FA00C8E70A /* Frameworks */ = {
			isa = PBXFrameworksBuildPhase;
			buildActionMask = 2147483647;
			files = (
			);
			runOnlyForDeploymentPostprocessing = 0;
		};
		3DE9DF5E1D9AE3FB00C8E70A /* Frameworks */ = {
			isa = PBXFrameworksBuildPhase;
			buildActionMask = 2147483647;
			files = (
			);
			runOnlyForDeploymentPostprocessing = 0;
		};
		3DE9DF691D9AE3FB00C8E70A /* Frameworks */ = {
			isa = PBXFrameworksBuildPhase;
			buildActionMask = 2147483647;
			files = (
			);
			runOnlyForDeploymentPostprocessing = 0;
		};
/* End PBXFrameworksBuildPhase section */

/* Begin PBXGroup section */
		3DE9DF441D9AE3FA00C8E70A = {
			isa = PBXGroup;
			children = (
				3DE9DF4F1D9AE3FA00C8E70A /* Lab3 */,
				3DE9DF641D9AE3FB00C8E70A /* Lab3Tests */,
				3DE9DF6F1D9AE3FB00C8E70A /* Lab3UITests */,
				3DE9DF4E1D9AE3FA00C8E70A /* Products */,
			);
			sourceTree = "<group>";
		};
		3DE9DF4E1D9AE3FA00C8E70A /* Products */ = {
			isa = PBXGroup;
			children = (
				3DE9DF4D1D9AE3FA00C8E70A /* Drawing.app */,
				3DE9DF611D9AE3FB00C8E70A /* DrawingTests.xctest */,
				3DE9DF6C1D9AE3FB00C8E70A /* DrawingUITests.xctest */,
			);
			name = Products;
			sourceTree = "<group>";
		};
		3DE9DF4F1D9AE3FA00C8E70A /* Lab3 */ = {
			isa = PBXGroup;
			children = (
				3DE9DF501D9AE3FA00C8E70A /* AppDelegate.swift */,
				3DE9DF521D9AE3FA00C8E70A /* ViewController.swift */,
				3DA322BB1D9C621200826333 /* DrawView.swift */,
				3DA322BD1D9C75DB00826333 /* Line.swift */,
				3DE9DF541D9AE3FA00C8E70A /* Main.storyboard */,
				3DE9DF571D9AE3FA00C8E70A /* Assets.xcassets */,
				3DE9DF591D9AE3FA00C8E70A /* LaunchScreen.storyboard */,
				3DE9DF5C1D9AE3FA00C8E70A /* Info.plist */,
			);
			path = Lab3;
			sourceTree = "<group>";
		};
		3DE9DF641D9AE3FB00C8E70A /* Lab3Tests */ = {
			isa = PBXGroup;
			children = (
				3DE9DF651D9AE3FB00C8E70A /* Lab3Tests.swift */,
				3DE9DF671D9AE3FB00C8E70A /* Info.plist */,
			);
			path = Lab3Tests;
			sourceTree = "<group>";
		};
		3DE9DF6F1D9AE3FB00C8E70A /* Lab3UITests */ = {
			isa = PBXGroup;
			children = (
				3DE9DF701D9AE3FB00C8E70A /* Lab3UITests.swift */,
				3DE9DF721D9AE3FB00C8E70A /* Info.plist */,
			);
			path = Lab3UITests;
			sourceTree = "<group>";
		};
/* End PBXGroup section */

/* Begin PBXNativeTarget section */
		3DE9DF4C1D9AE3FA00C8E70A /* Drawing */ = {
			isa = PBXNativeTarget;
			buildConfigurationList = 3DE9DF751D9AE3FB00C8E70A /* Build configuration list for PBXNativeTarget "Drawing" */;
			buildPhases = (
				3DE9DF491D9AE3FA00C8E70A /* Sources */,
				3DE9DF4A1D9AE3FA00C8E70A /* Frameworks */,
				3DE9DF4B1D9AE3FA00C8E70A /* Resources */,
			);
			buildRules = (
			);
			dependencies = (
			);
			name = Drawing;
			productName = Lab3;
			productReference = 3DE9DF4D1D9AE3FA00C8E70A /* Drawing.app */;
			productType = "com.apple.product-type.application";
		};
		3DE9DF601D9AE3FB00C8E70A /* DrawingTests */ = {
			isa = PBXNativeTarget;
			buildConfigurationList = 3DE9DF781D9AE3FB00C8E70A /* Build configuration list for PBXNativeTarget "DrawingTests" */;
			buildPhases = (
				3DE9DF5D1D9AE3FB00C8E70A /* Sources */,
				3DE9DF5E1D9AE3FB00C8E70A /* Frameworks */,
				3DE9DF5F1D9AE3FB00C8E70A /* Resources */,
			);
			buildRules = (
			);
			dependencies = (
				3DE9DF631D9AE3FB00C8E70A /* PBXTargetDependency */,
			);
			name = DrawingTests;
			productName = Lab3Tests;
			productReference = 3DE9DF611D9AE3FB00C8E70A /* DrawingTests.xctest */;
			productType = "com.apple.product-type.bundle.unit-test";
		};
		3DE9DF6B1D9AE3FB00C8E70A /* DrawingUITests */ = {
			isa = PBXNativeTarget;
			buildConfigurationList = 3DE9DF7B1D9AE3FB00C8E70A /* Build configuration list for PBXNativeTarget "DrawingUITests" */;
			buildPhases = (
				3DE9DF681D9AE3FB00C8E70A /* Sources */,
				3DE9DF691D9AE3FB00C8E70A /* Frameworks */,
				3DE9DF6A1D9AE3FB00C8E70A /* Resources */,
			);
			buildRules = (
			);
			dependencies = (
				3DE9DF6E1D9AE3FB00C8E70A /* PBXTargetDependency */,
			);
			name = DrawingUITests;
			productName = Lab3UITests;
			productReference = 3DE9DF6C1D9AE3FB00C8E70A /* DrawingUITests.xctest */;
			productType = "com.apple.product-type.bundle.ui-testing";
		};
/* End PBXNativeTarget section */

/* Begin PBXProject section */
		3DE9DF451D9AE3FA00C8E70A /* Project object */ = {
			isa = PBXProject;
			attributes = {
				LastSwiftUpdateCheck = 0730;
				LastUpgradeCheck = 0820;
				ORGANIZATIONNAME = "Kevin Lee";
				TargetAttributes = {
					3DE9DF4C1D9AE3FA00C8E70A = {
						CreatedOnToolsVersion = 7.3.1;
						DevelopmentTeam = 8V3ZNLV5DT;
						LastSwiftMigration = 0820;
					};
					3DE9DF601D9AE3FB00C8E70A = {
						CreatedOnToolsVersion = 7.3.1;
						LastSwiftMigration = 0820;
						TestTargetID = 3DE9DF4C1D9AE3FA00C8E70A;
					};
					3DE9DF6B1D9AE3FB00C8E70A = {
						CreatedOnToolsVersion = 7.3.1;
						LastSwiftMigration = 0820;
						TestTargetID = 3DE9DF4C1D9AE3FA00C8E70A;
					};
				};
			};
			buildConfigurationList = 3DE9DF481D9AE3FA00C8E70A /* Build configuration list for PBXProject "Drawing" */;
			compatibilityVersion = "Xcode 3.2";
			developmentRegion = English;
			hasScannedForEncodings = 0;
			knownRegions = (
				en,
				Base,
			);
			mainGroup = 3DE9DF441D9AE3FA00C8E70A;
			productRefGroup = 3DE9DF4E1D9AE3FA00C8E70A /* Products */;
			projectDirPath = "";
			projectRoot = "";
			targets = (
				3DE9DF4C1D9AE3FA00C8E70A /* Drawing */,
				3DE9DF601D9AE3FB00C8E70A /* DrawingTests */,
				3DE9DF6B1D9AE3FB00C8E70A /* DrawingUITests */,
			);
		};
/* End PBXProject section */

/* Begin PBXResourcesBuildPhase section */
		3DE9DF4B1D9AE3FA00C8E70A /* Resources */ = {
			isa = PBXResourcesBuildPhase;
			buildActionMask = 2147483647;
			files = (
				3DE9DF5B1D9AE3FA00C8E70A /* LaunchScreen.storyboard in Resources */,
				3DE9DF581D9AE3FA00C8E70A /* Assets.xcassets in Resources */,
				3DE9DF561D9AE3FA00C8E70A /* Main.storyboard in Resources */,
			);
			runOnlyForDeploymentPostprocessing = 0;
		};
		3DE9DF5F1D9AE3FB00C8E70A /* Resources */ = {
			isa = PBXResourcesBuildPhase;
			buildActionMask = 2147483647;
			files = (
			);
			runOnlyForDeploymentPostprocessing = 0;
		};
		3DE9DF6A1D9AE3FB00C8E70A /* Resources */ = {
			isa = PBXResourcesBuildPhase;
			buildActionMask = 2147483647;
			files = (
			);
			runOnlyForDeploymentPostprocessing = 0;
		};
/* End PBXResourcesBuildPhase section */

/* Begin PBXSourcesBuildPhase section */
		3DE9DF491D9AE3FA00C8E70A /* Sources */ = {
			isa = PBXSourcesBuildPhase;
			buildActionMask = 2147483647;
			files = (
				3DE9DF531D9AE3FA00C8E70A /* ViewController.swift in Sources */,
				3DA322BE1D9C75DB00826333 /* Line.swift in Sources */,
				3DE9DF511D9AE3FA00C8E70A /* AppDelegate.swift in Sources */,
				3DA322BC1D9C621200826333 /* DrawView.swift in Sources */,
			);
			runOnlyForDeploymentPostprocessing = 0;
		};
		3DE9DF5D1D9AE3FB00C8E70A /* Sources */ = {
			isa = PBXSourcesBuildPhase;
			buildActionMask = 2147483647;
			files = (
				3DE9DF661D9AE3FB00C8E70A /* Lab3Tests.swift in Sources */,
			);
			runOnlyForDeploymentPostprocessing = 0;
		};
		3DE9DF681D9AE3FB00C8E70A /* Sources */ = {
			isa = PBXSourcesBuildPhase;
			buildActionMask = 2147483647;
			files = (
				3DE9DF711D9AE3FB00C8E70A /* Lab3UITests.swift in Sources */,
			);
			runOnlyForDeploymentPostprocessing = 0;
		};
/* End PBXSourcesBuildPhase section */

/* Begin PBXTargetDependency section */
		3DE9DF631D9AE3FB00C8E70A /* PBXTargetDependency */ = {
			isa = PBXTargetDependency;
			target = 3DE9DF4C1D9AE3FA00C8E70A /* Drawing */;
			targetProxy = 3DE9DF621D9AE3FB00C8E70A /* PBXContainerItemProxy */;
		};
		3DE9DF6E1D9AE3FB00C8E70A /* PBXTargetDependency */ = {
			isa = PBXTargetDependency;
			target = 3DE9DF4C1D9AE3FA00C8E70A /* Drawing */;
			targetProxy = 3DE9DF6D1D9AE3FB00C8E70A /* PBXContainerItemProxy */;
		};
/* End PBXTargetDependency section */

/* Begin PBXVariantGroup section */
		3DE9DF541D9AE3FA00C8E70A /* Main.storyboard */ = {
			isa = PBXVariantGroup;
			children = (
				3DE9DF551D9AE3FA00C8E70A /* Base */,
			);
			name = Main.storyboard;
			sourceTree = "<group>";
		};
		3DE9DF591D9AE3FA00C8E70A /* LaunchScreen.storyboard */ = {
			isa = PBXVariantGroup;
			children = (
				3DE9DF5A1D9AE3FA00C8E70A /* Base */,
			);
			name = LaunchScreen.storyboard;
			sourceTree = "<group>";
		};
/* End PBXVariantGroup section */

/* Begin XCBuildConfiguration section */
		3DE9DF731D9AE3FB00C8E70A /* Debug */ = {
			isa = XCBuildConfiguration;
			buildSettings = {
				ALWAYS_SEARCH_USER_PATHS = NO;
				CLANG_ANALYZER_NONNULL = YES;
				CLANG_CXX_LANGUAGE_STANDARD = "gnu++0x";
				CLANG_CXX_LIBRARY = "libc++";
				CLANG_ENABLE_MODULES = YES;
				CLANG_ENABLE_OBJC_ARC = YES;
				CLANG_WARN_BOOL_CONVERSION = YES;
				CLANG_WARN_CONSTANT_CONVERSION = YES;
				CLANG_WARN_DIRECT_OBJC_ISA_USAGE = YES_ERROR;
				CLANG_WARN_EMPTY_BODY = YES;
				CLANG_WARN_ENUM_CONVERSION = YES;
				CLANG_WARN_INFINITE_RECURSION = YES;
				CLANG_WARN_INT_CONVERSION = YES;
				CLANG_WARN_OBJC_ROOT_CLASS = YES_ERROR;
				CLANG_WARN_SUSPICIOUS_MOVE = YES;
				CLANG_WARN_UNREACHABLE_CODE = YES;
				CLANG_WARN__DUPLICATE_METHOD_MATCH = YES;
				"CODE_SIGN_IDENTITY[sdk=iphoneos*]" = "iPhone Developer";
				COPY_PHASE_STRIP = NO;
				DEBUG_INFORMATION_FORMAT = dwarf;
				ENABLE_STRICT_OBJC_MSGSEND = YES;
				ENABLE_TESTABILITY = YES;
				GCC_C_LANGUAGE_STANDARD = gnu99;
				GCC_DYNAMIC_NO_PIC = NO;
				GCC_NO_COMMON_BLOCKS = YES;
				GCC_OPTIMIZATION_LEVEL = 0;
				GCC_PREPROCESSOR_DEFINITIONS = (
					"DEBUG=1",
					"$(inherited)",
				);
				GCC_WARN_64_TO_32_BIT_CONVERSION = YES;
				GCC_WARN_ABOUT_RETURN_TYPE = YES_ERROR;
				GCC_WARN_UNDECLARED_SELECTOR = YES;
				GCC_WARN_UNINITIALIZED_AUTOS = YES_AGGRESSIVE;
				GCC_WARN_UNUSED_FUNCTION = YES;
				GCC_WARN_UNUSED_VARIABLE = YES;
				IPHONEOS_DEPLOYMENT_TARGET = 9.3;
				MTL_ENABLE_DEBUG_INFO = YES;
				ONLY_ACTIVE_ARCH = YES;
				SDKROOT = iphoneos;
				SWIFT_OPTIMIZATION_LEVEL = "-Onone";
				TARGETED_DEVICE_FAMILY = "1,2";
			};
			name = Debug;
		};
		3DE9DF741D9AE3FB00C8E70A /* Release */ = {
			isa = XCBuildConfiguration;
			buildSettings = {
				ALWAYS_SEARCH_USER_PATHS = NO;
				CLANG_ANALYZER_NONNULL = YES;
				CLANG_CXX_LANGUAGE_STANDARD = "gnu++0x";
				CLANG_CXX_LIBRARY = "libc++";
				CLANG_ENABLE_MODULES = YES;
				CLANG_ENABLE_OBJC_ARC = YES;
				CLANG_WARN_BOOL_CONVERSION = YES;
				CLANG_WARN_CONSTANT_CONVERSION = YES;
				CLANG_WARN_DIRECT_OBJC_ISA_USAGE = YES_ERROR;
				CLANG_WARN_EMPTY_BODY = YES;
				CLANG_WARN_ENUM_CONVERSION = YES;
				CLANG_WARN_INFINITE_RECURSION = YES;
				CLANG_WARN_INT_CONVERSION = YES;
				CLANG_WARN_OBJC_ROOT_CLASS = YES_ERROR;
				CLANG_WARN_SUSPICIOUS_MOVE = YES;
				CLANG_WARN_UNREACHABLE_CODE = YES;
				CLANG_WARN__DUPLICATE_METHOD_MATCH = YES;
				"CODE_SIGN_IDENTITY[sdk=iphoneos*]" = "iPhone Developer";
				COPY_PHASE_STRIP = NO;
				DEBUG_INFORMATION_FORMAT = "dwarf-with-dsym";
				ENABLE_NS_ASSERTIONS = NO;
				ENABLE_STRICT_OBJC_MSGSEND = YES;
				GCC_C_LANGUAGE_STANDARD = gnu99;
				GCC_NO_COMMON_BLOCKS = YES;
				GCC_WARN_64_TO_32_BIT_CONVERSION = YES;
				GCC_WARN_ABOUT_RETURN_TYPE = YES_ERROR;
				GCC_WARN_UNDECLARED_SELECTOR = YES;
				GCC_WARN_UNINITIALIZED_AUTOS = YES_AGGRESSIVE;
				GCC_WARN_UNUSED_FUNCTION = YES;
				GCC_WARN_UNUSED_VARIABLE = YES;
				IPHONEOS_DEPLOYMENT_TARGET = 9.3;
				MTL_ENABLE_DEBUG_INFO = NO;
				SDKROOT = iphoneos;
				SWIFT_OPTIMIZATION_LEVEL = "-Owholemodule";
				TARGETED_DEVICE_FAMILY = "1,2";
				VALIDATE_PRODUCT = YES;
			};
			name = Release;
		};
		3DE9DF761D9AE3FB00C8E70A /* Debug */ = {
			isa = XCBuildConfiguration;
			buildSettings = {
				ASSETCATALOG_COMPILER_APPICON_NAME = AppIcon;
				CODE_SIGN_IDENTITY = "iPhone Developer";
				"CODE_SIGN_IDENTITY[sdk=iphoneos*]" = "iPhone Developer";
				INFOPLIST_FILE = Lab3/Info.plist;
				LD_RUNPATH_SEARCH_PATHS = "$(inherited) @executable_path/Frameworks";
				PRODUCT_BUNDLE_IDENTIFIER = KevinLee.Lab3;
				PRODUCT_NAME = "$(TARGET_NAME)";
				PROVISIONING_PROFILE = "";
				SWIFT_VERSION = 3.0;
			};
			name = Debug;
		};
		3DE9DF771D9AE3FB00C8E70A /* Release */ = {
			isa = XCBuildConfiguration;
			buildSettings = {
				ASSETCATALOG_COMPILER_APPICON_NAME = AppIcon;
				CODE_SIGN_IDENTITY = "iPhone Developer";
				"CODE_SIGN_IDENTITY[sdk=iphoneos*]" = "iPhone Developer";
				INFOPLIST_FILE = Lab3/Info.plist;
				LD_RUNPATH_SEARCH_PATHS = "$(inherited) @executable_path/Frameworks";
				PRODUCT_BUNDLE_IDENTIFIER = KevinLee.Lab3;
				PRODUCT_NAME = "$(TARGET_NAME)";
				PROVISIONING_PROFILE = "";
				SWIFT_VERSION = 3.0;
			};
			name = Release;
		};
		3DE9DF791D9AE3FB00C8E70A /* Debug */ = {
			isa = XCBuildConfiguration;
			buildSettings = {
				BUNDLE_LOADER = "$(TEST_HOST)";
				INFOPLIST_FILE = Lab3Tests/Info.plist;
				LD_RUNPATH_SEARCH_PATHS = "$(inherited) @executable_path/Frameworks @loader_path/Frameworks";
				PRODUCT_BUNDLE_IDENTIFIER = KevinLee.Lab3Tests;
				PRODUCT_NAME = "$(TARGET_NAME)";
				SWIFT_VERSION = 3.0;
				TEST_HOST = "$(BUILT_PRODUCTS_DIR)/Drawing.app/Drawing";
			};
			name = Debug;
		};
		3DE9DF7A1D9AE3FB00C8E70A /* Release */ = {
			isa = XCBuildConfiguration;
			buildSettings = {
				BUNDLE_LOADER = "$(TEST_HOST)";
				INFOPLIST_FILE = Lab3Tests/Info.plist;
				LD_RUNPATH_SEARCH_PATHS = "$(inherited) @executable_path/Frameworks @loader_path/Frameworks";
				PRODUCT_BUNDLE_IDENTIFIER = KevinLee.Lab3Tests;
				PRODUCT_NAME = "$(TARGET_NAME)";
				SWIFT_VERSION = 3.0;
				TEST_HOST = "$(BUILT_PRODUCTS_DIR)/Drawing.app/Drawing";
			};
			name = Release;
		};
		3DE9DF7C1D9AE3FB00C8E70A /* Debug */ = {
			isa = XCBuildConfiguration;
			buildSettings = {
				INFOPLIST_FILE = Lab3UITests/Info.plist;
				LD_RUNPATH_SEARCH_PATHS = "$(inherited) @executable_path/Frameworks @loader_path/Frameworks";
				PRODUCT_BUNDLE_IDENTIFIER = KevinLee.Lab3UITests;
				PRODUCT_NAME = "$(TARGET_NAME)";
				SWIFT_VERSION = 3.0;
				TEST_TARGET_NAME = Lab3;
			};
			name = Debug;
		};
		3DE9DF7D1D9AE3FB00C8E70A /* Release */ = {
			isa = XCBuildConfiguration;
			buildSettings = {
				INFOPLIST_FILE = Lab3UITests/Info.plist;
				LD_RUNPATH_SEARCH_PATHS = "$(inherited) @executable_path/Frameworks @loader_path/Frameworks";
				PRODUCT_BUNDLE_IDENTIFIER = KevinLee.Lab3UITests;
				PRODUCT_NAME = "$(TARGET_NAME)";
				SWIFT_VERSION = 3.0;
				TEST_TARGET_NAME = Lab3;
			};
			name = Release;
		};
/* End XCBuildConfiguration section */

/* Begin XCConfigurationList section */
		3DE9DF481D9AE3FA00C8E70A /* Build configuration list for PBXProject "Drawing" */ = {
			isa = XCConfigurationList;
			buildConfigurations = (
				3DE9DF731D9AE3FB00C8E70A /* Debug */,
				3DE9DF741D9AE3FB00C8E70A /* Release */,
			);
			defaultConfigurationIsVisible = 0;
			defaultConfigurationName = Release;
		};
		3DE9DF751D9AE3FB00C8E70A /* Build configuration list for PBXNativeTarget "Drawing" */ = {
			isa = XCConfigurationList;
			buildConfigurations = (
				3DE9DF761D9AE3FB00C8E70A /* Debug */,
				3DE9DF771D9AE3FB00C8E70A /* Release */,
			);
			defaultConfigurationIsVisible = 0;
			defaultConfigurationName = Release;
		};
		3DE9DF781D9AE3FB00C8E70A /* Build configuration list for PBXNativeTarget "DrawingTests" */ = {
			isa = XCConfigurationList;
			buildConfigurations = (
				3DE9DF791D9AE3FB00C8E70A /* Debug */,
				3DE9DF7A1D9AE3FB00C8E70A /* Release */,
			);
			defaultConfigurationIsVisible = 0;
			defaultConfigurationName = Release;
		};
		3DE9DF7B1D9AE3FB00C8E70A /* Build configuration list for PBXNativeTarget "DrawingUITests" */ = {
			isa = XCConfigurationList;
			buildConfigurations = (
				3DE9DF7C1D9AE3FB00C8E70A /* Debug */,
				3DE9DF7D1D9AE3FB00C8E70A /* Release */,
			);
			defaultConfigurationIsVisible = 0;
			defaultConfigurationName = Release;
		};
/* End XCConfigurationList section */
	};
	rootObject = 3DE9DF451D9AE3FA00C8E70A /* Project object */;
}
